{
  "pins" : [
    {
      "identity" : "shake-ios",
      "kind" : "remoteSourceControl",
      "location" : "https://github.com/shakebugs/shake-ios",
      "state" : {
        "revision" : "5ff4d10fd82b9deddf39ed5eceeeb2a6d24d0d43",
        "version" : "16.2.0"
      }
    }
  ],
  "version" : 2
}
